// !$*UTF8*$!
{
	archiveVersion = 1;
	classes = {
	};
	objectVersion = 56;
	objects = {

/* Begin PBXBuildFile section */
		3F3765F42B8E42B400D54818 /* FunctionalityFunctions.swift in Sources */ = {isa = PBXBuildFile; fileRef = 3F3765F32B8E42B400D54818 /* FunctionalityFunctions.swift */; };
		3F3765F62B8E680000D54818 /* ScannerOverlayView.swift in Sources */ = {isa = PBXBuildFile; fileRef = 3F3765F52B8E680000D54818 /* ScannerOverlayView.swift */; };
		3F3765F82B8E702300D54818 /* SymbolEffectAvailibilityExt.swift in Sources */ = {isa = PBXBuildFile; fileRef = 3F3765F72B8E702300D54818 /* SymbolEffectAvailibilityExt.swift */; };
		3F3DD34E2B926E9F006F4DF2 /* ImageUrlView.swift in Sources */ = {isa = PBXBuildFile; fileRef = 3F3DD34D2B926E9F006F4DF2 /* ImageUrlView.swift */; };
		3F56677D2B97163F00890C22 /* TextRecommendationView.swift in Sources */ = {isa = PBXBuildFile; fileRef = 3F56677C2B97163F00890C22 /* TextRecommendationView.swift */; };
		3F6646252B7C99B200E5A1A2 /* DIPLOMA_SWIFTUIApp.swift in Sources */ = {isa = PBXBuildFile; fileRef = 3F6646242B7C99B200E5A1A2 /* DIPLOMA_SWIFTUIApp.swift */; };
		3F6646272B7C99B200E5A1A2 /* ContentView.swift in Sources */ = {isa = PBXBuildFile; fileRef = 3F6646262B7C99B200E5A1A2 /* ContentView.swift */; };
		3F6646292B7C99B300E5A1A2 /* Assets.xcassets in Resources */ = {isa = PBXBuildFile; fileRef = 3F6646282B7C99B300E5A1A2 /* Assets.xcassets */; };
		3F66462C2B7C99B300E5A1A2 /* Preview Assets.xcassets in Resources */ = {isa = PBXBuildFile; fileRef = 3F66462B2B7C99B300E5A1A2 /* Preview Assets.xcassets */; };
		3F6646332B7C9D5B00E5A1A2 /* ViewModel.swift in Sources */ = {isa = PBXBuildFile; fileRef = 3F6646322B7C9D5B00E5A1A2 /* ViewModel.swift */; };
		3F6646352B7C9DDD00E5A1A2 /* DataScannerView.swift in Sources */ = {isa = PBXBuildFile; fileRef = 3F6646342B7C9DDC00E5A1A2 /* DataScannerView.swift */; };
		3F8F7C3B2B822BD2000E48C3 /* TextRecognizer.swift in Sources */ = {isa = PBXBuildFile; fileRef = 3F8F7C3A2B822BD2000E48C3 /* TextRecognizer.swift */; };
		3F9D9CF32B8657B10076FB9F /* ProductModel.swift in Sources */ = {isa = PBXBuildFile; fileRef = 3F9D9CF22B8657B10076FB9F /* ProductModel.swift */; };
		3F9D9CF62B870AFD0076FB9F /* BarcodeRecommendationView.swift in Sources */ = {isa = PBXBuildFile; fileRef = 3F9D9CF52B870AFD0076FB9F /* BarcodeRecommendationView.swift */; };
		3FFB14192B8BAD1F00E7CFE8 /* TabBarView.swift in Sources */ = {isa = PBXBuildFile; fileRef = 3FFB14182B8BAD1F00E7CFE8 /* TabBarView.swift */; };
/* End PBXBuildFile section */

/* Begin PBXFileReference section */
		3F3765F32B8E42B400D54818 /* FunctionalityFunctions.swift */ = {isa = PBXFileReference; lastKnownFileType = sourcecode.swift; path = FunctionalityFunctions.swift; sourceTree = "<group>"; };
		3F3765F52B8E680000D54818 /* ScannerOverlayView.swift */ = {isa = PBXFileReference; lastKnownFileType = sourcecode.swift; path = ScannerOverlayView.swift; sourceTree = "<group>"; };
		3F3765F72B8E702300D54818 /* SymbolEffectAvailibilityExt.swift */ = {isa = PBXFileReference; lastKnownFileType = sourcecode.swift; path = SymbolEffectAvailibilityExt.swift; sourceTree = "<group>"; };
		3F3DD34D2B926E9F006F4DF2 /* ImageUrlView.swift */ = {isa = PBXFileReference; lastKnownFileType = sourcecode.swift; path = ImageUrlView.swift; sourceTree = "<group>"; };
		3F56677C2B97163F00890C22 /* TextRecommendationView.swift */ = {isa = PBXFileReference; lastKnownFileType = sourcecode.swift; path = TextRecommendationView.swift; sourceTree = "<group>"; };
		3F6646212B7C99B100E5A1A2 /* DIPLOMA SWIFTUI.app */ = {isa = PBXFileReference; explicitFileType = wrapper.application; includeInIndex = 0; path = "DIPLOMA SWIFTUI.app"; sourceTree = BUILT_PRODUCTS_DIR; };
		3F6646242B7C99B200E5A1A2 /* DIPLOMA_SWIFTUIApp.swift */ = {isa = PBXFileReference; lastKnownFileType = sourcecode.swift; path = DIPLOMA_SWIFTUIApp.swift; sourceTree = "<group>"; };
		3F6646262B7C99B200E5A1A2 /* ContentView.swift */ = {isa = PBXFileReference; lastKnownFileType = sourcecode.swift; path = ContentView.swift; sourceTree = "<group>"; };
		3F6646282B7C99B300E5A1A2 /* Assets.xcassets */ = {isa = PBXFileReference; lastKnownFileType = folder.assetcatalog; path = Assets.xcassets; sourceTree = "<group>"; };
		3F66462B2B7C99B300E5A1A2 /* Preview Assets.xcassets */ = {isa = PBXFileReference; lastKnownFileType = folder.assetcatalog; path = "Preview Assets.xcassets"; sourceTree = "<group>"; };
		3F6646322B7C9D5B00E5A1A2 /* ViewModel.swift */ = {isa = PBXFileReference; lastKnownFileType = sourcecode.swift; path = ViewModel.swift; sourceTree = "<group>"; };
		3F6646342B7C9DDC00E5A1A2 /* DataScannerView.swift */ = {isa = PBXFileReference; lastKnownFileType = sourcecode.swift; path = DataScannerView.swift; sourceTree = "<group>"; };
		3F8F7C3A2B822BD2000E48C3 /* TextRecognizer.swift */ = {isa = PBXFileReference; lastKnownFileType = sourcecode.swift; path = TextRecognizer.swift; sourceTree = "<group>"; };
		3F9D9CF22B8657B10076FB9F /* ProductModel.swift */ = {isa = PBXFileReference; lastKnownFileType = sourcecode.swift; path = ProductModel.swift; sourceTree = "<group>"; };
		3F9D9CF52B870AFD0076FB9F /* BarcodeRecommendationView.swift */ = {isa = PBXFileReference; lastKnownFileType = sourcecode.swift; path = BarcodeRecommendationView.swift; sourceTree = "<group>"; };
		3FFB14182B8BAD1F00E7CFE8 /* TabBarView.swift */ = {isa = PBXFileReference; lastKnownFileType = sourcecode.swift; path = TabBarView.swift; sourceTree = "<group>"; };
/* End PBXFileReference section */

/* Begin PBXFrameworksBuildPhase section */
		3F66461E2B7C99B100E5A1A2 /* Frameworks */ = {
			isa = PBXFrameworksBuildPhase;
			buildActionMask = 2147483647;
			files = (
			);
			runOnlyForDeploymentPostprocessing = 0;
		};
/* End PBXFrameworksBuildPhase section */

/* Begin PBXGroup section */
		3F3765F02B8E426E00D54818 /* Global */ = {
			isa = PBXGroup;
			children = (
				3F3765F32B8E42B400D54818 /* FunctionalityFunctions.swift */,
				3F3765F72B8E702300D54818 /* SymbolEffectAvailibilityExt.swift */,
			);
			path = Global;
			sourceTree = "<group>";
		};
		3F6646182B7C99B100E5A1A2 = {
			isa = PBXGroup;
			children = (
				3F6646232B7C99B100E5A1A2 /* DIPLOMA SWIFTUI */,
				3F6646222B7C99B100E5A1A2 /* Products */,
			);
			sourceTree = "<group>";
		};
		3F6646222B7C99B100E5A1A2 /* Products */ = {
			isa = PBXGroup;
			children = (
				3F6646212B7C99B100E5A1A2 /* DIPLOMA SWIFTUI.app */,
			);
			name = Products;
			sourceTree = "<group>";
		};
		3F6646232B7C99B100E5A1A2 /* DIPLOMA SWIFTUI */ = {
			isa = PBXGroup;
			children = (
				3F3765F02B8E426E00D54818 /* Global */,
				3F9D9CF42B86FCA90076FB9F /* View */,
				3F9D9CF12B86579E0076FB9F /* Model */,
				3F6646242B7C99B200E5A1A2 /* DIPLOMA_SWIFTUIApp.swift */,
				3F6646262B7C99B200E5A1A2 /* ContentView.swift */,
				3F6646282B7C99B300E5A1A2 /* Assets.xcassets */,
				3F66462A2B7C99B300E5A1A2 /* Preview Content */,
				3F6646322B7C9D5B00E5A1A2 /* ViewModel.swift */,
				3F8F7C3A2B822BD2000E48C3 /* TextRecognizer.swift */,
			);
			path = "DIPLOMA SWIFTUI";
			sourceTree = "<group>";
		};
		3F66462A2B7C99B300E5A1A2 /* Preview Content */ = {
			isa = PBXGroup;
			children = (
				3F66462B2B7C99B300E5A1A2 /* Preview Assets.xcassets */,
			);
			path = "Preview Content";
			sourceTree = "<group>";
		};
		3F9D9CF12B86579E0076FB9F /* Model */ = {
			isa = PBXGroup;
			children = (
				3F9D9CF22B8657B10076FB9F /* ProductModel.swift */,
			);
			path = Model;
			sourceTree = "<group>";
		};
		3F9D9CF42B86FCA90076FB9F /* View */ = {
			isa = PBXGroup;
			children = (
				3F6646342B7C9DDC00E5A1A2 /* DataScannerView.swift */,
				3F9D9CF52B870AFD0076FB9F /* BarcodeRecommendationView.swift */,
				3FFB14182B8BAD1F00E7CFE8 /* TabBarView.swift */,
				3F3765F52B8E680000D54818 /* ScannerOverlayView.swift */,
				3F3DD34D2B926E9F006F4DF2 /* ImageUrlView.swift */,
				3F56677C2B97163F00890C22 /* TextRecommendationView.swift */,
			);
			path = View;
			sourceTree = "<group>";
		};
/* End PBXGroup section */

/* Begin PBXNativeTarget section */
		3F6646202B7C99B100E5A1A2 /* DIPLOMA SWIFTUI */ = {
			isa = PBXNativeTarget;
			buildConfigurationList = 3F66462F2B7C99B300E5A1A2 /* Build configuration list for PBXNativeTarget "DIPLOMA SWIFTUI" */;
			buildPhases = (
				3F66461D2B7C99B100E5A1A2 /* Sources */,
				3F66461E2B7C99B100E5A1A2 /* Frameworks */,
				3F66461F2B7C99B100E5A1A2 /* Resources */,
			);
			buildRules = (
			);
			dependencies = (
			);
			name = "DIPLOMA SWIFTUI";
			productName = "DIPLOMA SWIFTUI";
			productReference = 3F6646212B7C99B100E5A1A2 /* DIPLOMA SWIFTUI.app */;
			productType = "com.apple.product-type.application";
		};
/* End PBXNativeTarget section */

/* Begin PBXProject section */
		3F6646192B7C99B100E5A1A2 /* Project object */ = {
			isa = PBXProject;
			attributes = {
				BuildIndependentTargetsInParallel = 1;
				LastSwiftUpdateCheck = 1510;
				LastUpgradeCheck = 1510;
				TargetAttributes = {
					3F6646202B7C99B100E5A1A2 = {
						CreatedOnToolsVersion = 15.1;
					};
				};
			};
			buildConfigurationList = 3F66461C2B7C99B100E5A1A2 /* Build configuration list for PBXProject "DIPLOMA SWIFTUI" */;
			compatibilityVersion = "Xcode 14.0";
			developmentRegion = en;
			hasScannedForEncodings = 0;
			knownRegions = (
				en,
				Base,
			);
			mainGroup = 3F6646182B7C99B100E5A1A2;
			productRefGroup = 3F6646222B7C99B100E5A1A2 /* Products */;
			projectDirPath = "";
			projectRoot = "";
			targets = (
				3F6646202B7C99B100E5A1A2 /* DIPLOMA SWIFTUI */,
			);
		};
/* End PBXProject section */

/* Begin PBXResourcesBuildPhase section */
		3F66461F2B7C99B100E5A1A2 /* Resources */ = {
			isa = PBXResourcesBuildPhase;
			buildActionMask = 2147483647;
			files = (
				3F66462C2B7C99B300E5A1A2 /* Preview Assets.xcassets in Resources */,
				3F6646292B7C99B300E5A1A2 /* Assets.xcassets in Resources */,
			);
			runOnlyForDeploymentPostprocessing = 0;
		};
/* End PBXResourcesBuildPhase section */

/* Begin PBXSourcesBuildPhase section */
		3F66461D2B7C99B100E5A1A2 /* Sources */ = {
			isa = PBXSourcesBuildPhase;
			buildActionMask = 2147483647;
			files = (
				3F3765F62B8E680000D54818 /* ScannerOverlayView.swift in Sources */,
				3F6646272B7C99B200E5A1A2 /* ContentView.swift in Sources */,
				3F3DD34E2B926E9F006F4DF2 /* ImageUrlView.swift in Sources */,
				3F56677D2B97163F00890C22 /* TextRecommendationView.swift in Sources */,
				3F3765F82B8E702300D54818 /* SymbolEffectAvailibilityExt.swift in Sources */,
				3F9D9CF62B870AFD0076FB9F /* BarcodeRecommendationView.swift in Sources */,
				3FFB14192B8BAD1F00E7CFE8 /* TabBarView.swift in Sources */,
				3F3765F42B8E42B400D54818 /* FunctionalityFunctions.swift in Sources */,
				3F9D9CF32B8657B10076FB9F /* ProductModel.swift in Sources */,
				3F6646332B7C9D5B00E5A1A2 /* ViewModel.swift in Sources */,
				3F8F7C3B2B822BD2000E48C3 /* TextRecognizer.swift in Sources */,
				3F6646252B7C99B200E5A1A2 /* DIPLOMA_SWIFTUIApp.swift in Sources */,
				3F6646352B7C9DDD00E5A1A2 /* DataScannerView.swift in Sources */,
			);
			runOnlyForDeploymentPostprocessing = 0;
		};
/* End PBXSourcesBuildPhase section */

/* Begin XCBuildConfiguration section */
		3F66462D2B7C99B300E5A1A2 /* Debug */ = {
			isa = XCBuildConfiguration;
			buildSettings = {
				ALWAYS_SEARCH_USER_PATHS = NO;
				ASSETCATALOG_COMPILER_GENERATE_SWIFT_ASSET_SYMBOL_EXTENSIONS = YES;
				CLANG_ANALYZER_NONNULL = YES;
				CLANG_ANALYZER_NUMBER_OBJECT_CONVERSION = YES_AGGRESSIVE;
				CLANG_CXX_LANGUAGE_STANDARD = "gnu++20";
				CLANG_ENABLE_MODULES = YES;
				CLANG_ENABLE_OBJC_ARC = YES;
				CLANG_ENABLE_OBJC_WEAK = YES;
				CLANG_WARN_BLOCK_CAPTURE_AUTORELEASING = YES;
				CLANG_WARN_BOOL_CONVERSION = YES;
				CLANG_WARN_COMMA = YES;
				CLANG_WARN_CONSTANT_CONVERSION = YES;
				CLANG_WARN_DEPRECATED_OBJC_IMPLEMENTATIONS = YES;
				CLANG_WARN_DIRECT_OBJC_ISA_USAGE = YES_ERROR;
				CLANG_WARN_DOCUMENTATION_COMMENTS = YES;
				CLANG_WARN_EMPTY_BODY = YES;
				CLANG_WARN_ENUM_CONVERSION = YES;
				CLANG_WARN_INFINITE_RECURSION = YES;
				CLANG_WARN_INT_CONVERSION = YES;
				CLANG_WARN_NON_LITERAL_NULL_CONVERSION = YES;
				CLANG_WARN_OBJC_IMPLICIT_RETAIN_SELF = YES;
				CLANG_WARN_OBJC_LITERAL_CONVERSION = YES;
				CLANG_WARN_OBJC_ROOT_CLASS = YES_ERROR;
				CLANG_WARN_QUOTED_INCLUDE_IN_FRAMEWORK_HEADER = YES;
				CLANG_WARN_RANGE_LOOP_ANALYSIS = YES;
				CLANG_WARN_STRICT_PROTOTYPES = YES;
				CLANG_WARN_SUSPICIOUS_MOVE = YES;
				CLANG_WARN_UNGUARDED_AVAILABILITY = YES_AGGRESSIVE;
				CLANG_WARN_UNREACHABLE_CODE = YES;
				CLANG_WARN__DUPLICATE_METHOD_MATCH = YES;
				COPY_PHASE_STRIP = NO;
				DEBUG_INFORMATION_FORMAT = dwarf;
				ENABLE_STRICT_OBJC_MSGSEND = YES;
				ENABLE_TESTABILITY = YES;
				ENABLE_USER_SCRIPT_SANDBOXING = YES;
				GCC_C_LANGUAGE_STANDARD = gnu17;
				GCC_DYNAMIC_NO_PIC = NO;
				GCC_NO_COMMON_BLOCKS = YES;
				GCC_OPTIMIZATION_LEVEL = 0;
				GCC_PREPROCESSOR_DEFINITIONS = (
					"DEBUG=1",
					"$(inherited)",
				);
				GCC_WARN_64_TO_32_BIT_CONVERSION = YES;
				GCC_WARN_ABOUT_RETURN_TYPE = YES_ERROR;
				GCC_WARN_UNDECLARED_SELECTOR = YES;
				GCC_WARN_UNINITIALIZED_AUTOS = YES_AGGRESSIVE;
				GCC_WARN_UNUSED_FUNCTION = YES;
				GCC_WARN_UNUSED_VARIABLE = YES;
				IPHONEOS_DEPLOYMENT_TARGET = 17.2;
				LOCALIZATION_PREFERS_STRING_CATALOGS = YES;
				MTL_ENABLE_DEBUG_INFO = INCLUDE_SOURCE;
				MTL_FAST_MATH = YES;
				ONLY_ACTIVE_ARCH = YES;
				SDKROOT = iphoneos;
				SWIFT_ACTIVE_COMPILATION_CONDITIONS = "DEBUG $(inherited)";
				SWIFT_OPTIMIZATION_LEVEL = "-Onone";
			};
			name = Debug;
		};
		3F66462E2B7C99B300E5A1A2 /* Release */ = {
			isa = XCBuildConfiguration;
			buildSettings = {
				ALWAYS_SEARCH_USER_PATHS = NO;
				ASSETCATALOG_COMPILER_GENERATE_SWIFT_ASSET_SYMBOL_EXTENSIONS = YES;
				CLANG_ANALYZER_NONNULL = YES;
				CLANG_ANALYZER_NUMBER_OBJECT_CONVERSION = YES_AGGRESSIVE;
				CLANG_CXX_LANGUAGE_STANDARD = "gnu++20";
				CLANG_ENABLE_MODULES = YES;
				CLANG_ENABLE_OBJC_ARC = YES;
				CLANG_ENABLE_OBJC_WEAK = YES;
				CLANG_WARN_BLOCK_CAPTURE_AUTORELEASING = YES;
				CLANG_WARN_BOOL_CONVERSION = YES;
				CLANG_WARN_COMMA = YES;
				CLANG_WARN_CONSTANT_CONVERSION = YES;
				CLANG_WARN_DEPRECATED_OBJC_IMPLEMENTATIONS = YES;
				CLANG_WARN_DIRECT_OBJC_ISA_USAGE = YES_ERROR;
				CLANG_WARN_DOCUMENTATION_COMMENTS = YES;
				CLANG_WARN_EMPTY_BODY = YES;
				CLANG_WARN_ENUM_CONVERSION = YES;
				CLANG_WARN_INFINITE_RECURSION = YES;
				CLANG_WARN_INT_CONVERSION = YES;
				CLANG_WARN_NON_LITERAL_NULL_CONVERSION = YES;
				CLANG_WARN_OBJC_IMPLICIT_RETAIN_SELF = YES;
				CLANG_WARN_OBJC_LITERAL_CONVERSION = YES;
				CLANG_WARN_OBJC_ROOT_CLASS = YES_ERROR;
				CLANG_WARN_QUOTED_INCLUDE_IN_FRAMEWORK_HEADER = YES;
				CLANG_WARN_RANGE_LOOP_ANALYSIS = YES;
				CLANG_WARN_STRICT_PROTOTYPES = YES;
				CLANG_WARN_SUSPICIOUS_MOVE = YES;
				CLANG_WARN_UNGUARDED_AVAILABILITY = YES_AGGRESSIVE;
				CLANG_WARN_UNREACHABLE_CODE = YES;
				CLANG_WARN__DUPLICATE_METHOD_MATCH = YES;
				COPY_PHASE_STRIP = NO;
				DEBUG_INFORMATION_FORMAT = "dwarf-with-dsym";
				ENABLE_NS_ASSERTIONS = NO;
				ENABLE_STRICT_OBJC_MSGSEND = YES;
				ENABLE_USER_SCRIPT_SANDBOXING = YES;
				GCC_C_LANGUAGE_STANDARD = gnu17;
				GCC_NO_COMMON_BLOCKS = YES;
				GCC_WARN_64_TO_32_BIT_CONVERSION = YES;
				GCC_WARN_ABOUT_RETURN_TYPE = YES_ERROR;
				GCC_WARN_UNDECLARED_SELECTOR = YES;
				GCC_WARN_UNINITIALIZED_AUTOS = YES_AGGRESSIVE;
				GCC_WARN_UNUSED_FUNCTION = YES;
				GCC_WARN_UNUSED_VARIABLE = YES;
				IPHONEOS_DEPLOYMENT_TARGET = 17.2;
				LOCALIZATION_PREFERS_STRING_CATALOGS = YES;
				MTL_ENABLE_DEBUG_INFO = NO;
				MTL_FAST_MATH = YES;
				SDKROOT = iphoneos;
				SWIFT_COMPILATION_MODE = wholemodule;
				VALIDATE_PRODUCT = YES;
			};
			name = Release;
		};
		3F6646302B7C99B300E5A1A2 /* Debug */ = {
			isa = XCBuildConfiguration;
			buildSettings = {
				ASSETCATALOG_COMPILER_APPICON_NAME = AppIcon;
				ASSETCATALOG_COMPILER_GLOBAL_ACCENT_COLOR_NAME = AccentColor;
				CODE_SIGN_STYLE = Automatic;
				CURRENT_PROJECT_VERSION = 1;
				DEVELOPMENT_ASSET_PATHS = "\"DIPLOMA SWIFTUI/Preview Content\"";
				DEVELOPMENT_TEAM = UBRTH86SZ3;
				ENABLE_PREVIEWS = YES;
				GENERATE_INFOPLIST_FILE = YES;
				INFOPLIST_KEY_NSCameraUsageDescription = "Let's turn on Camera";
				INFOPLIST_KEY_UIApplicationSceneManifest_Generation = YES;
				INFOPLIST_KEY_UILaunchScreen_Generation = YES;
				INFOPLIST_KEY_UISupportedInterfaceOrientations_iPad = "UIInterfaceOrientationPortrait UIInterfaceOrientationPortraitUpsideDown UIInterfaceOrientationLandscapeLeft UIInterfaceOrientationLandscapeRight";
				INFOPLIST_KEY_UISupportedInterfaceOrientations_iPhone = "UIInterfaceOrientationPortrait UIInterfaceOrientationLandscapeLeft UIInterfaceOrientationLandscapeRight";
				IPHONEOS_DEPLOYMENT_TARGET = 16.0;
				LD_RUNPATH_SEARCH_PATHS = (
					"$(inherited)",
					"@executable_path/Frameworks",
				);
				MARKETING_VERSION = 1.0;
				PRODUCT_BUNDLE_IDENTIFIER = "kairatovalmat.DIPLOMA-SWIFTUI";
				PRODUCT_NAME = "$(TARGET_NAME)";
				SWIFT_EMIT_LOC_STRINGS = YES;
				SWIFT_VERSION = 5.0;
				TARGETED_DEVICE_FAMILY = "1,2";
			};
			name = Debug;
		};
		3F6646312B7C99B300E5A1A2 /* Release */ = {
			isa = XCBuildConfiguration;
			buildSettings = {
				ASSETCATALOG_COMPILER_APPICON_NAME = AppIcon;
				ASSETCATALOG_COMPILER_GLOBAL_ACCENT_COLOR_NAME = AccentColor;
				CODE_SIGN_STYLE = Automatic;
				CURRENT_PROJECT_VERSION = 1;
				DEVELOPMENT_ASSET_PATHS = "\"DIPLOMA SWIFTUI/Preview Content\"";
				DEVELOPMENT_TEAM = UBRTH86SZ3;
				ENABLE_PREVIEWS = YES;
				GENERATE_INFOPLIST_FILE = YES;
				INFOPLIST_KEY_NSCameraUsageDescription = "Let's turn on Camera";
				INFOPLIST_KEY_UIApplicationSceneManifest_Generation = YES;
				INFOPLIST_KEY_UILaunchScreen_Generation = YES;
				INFOPLIST_KEY_UISupportedInterfaceOrientations_iPad = "UIInterfaceOrientationPortrait UIInterfaceOrientationPortraitUpsideDown UIInterfaceOrientationLandscapeLeft UIInterfaceOrientationLandscapeRight";
				INFOPLIST_KEY_UISupportedInterfaceOrientations_iPhone = "UIInterfaceOrientationPortrait UIInterfaceOrientationLandscapeLeft UIInterfaceOrientationLandscapeRight";
				IPHONEOS_DEPLOYMENT_TARGET = 16.0;
				LD_RUNPATH_SEARCH_PATHS = (
					"$(inherited)",
					"@executable_path/Frameworks",
				);
				MARKETING_VERSION = 1.0;
				PRODUCT_BUNDLE_IDENTIFIER = "kairatovalmat.DIPLOMA-SWIFTUI";
				PRODUCT_NAME = "$(TARGET_NAME)";
				SWIFT_EMIT_LOC_STRINGS = YES;
				SWIFT_VERSION = 5.0;
				TARGETED_DEVICE_FAMILY = "1,2";
			};
			name = Release;
		};
/* End XCBuildConfiguration section */

/* Begin XCConfigurationList section */
		3F66461C2B7C99B100E5A1A2 /* Build configuration list for PBXProject "DIPLOMA SWIFTUI" */ = {
			isa = XCConfigurationList;
			buildConfigurations = (
				3F66462D2B7C99B300E5A1A2 /* Debug */,
				3F66462E2B7C99B300E5A1A2 /* Release */,
			);
			defaultConfigurationIsVisible = 0;
			defaultConfigurationName = Release;
		};
		3F66462F2B7C99B300E5A1A2 /* Build configuration list for PBXNativeTarget "DIPLOMA SWIFTUI" */ = {
			isa = XCConfigurationList;
			buildConfigurations = (
				3F6646302B7C99B300E5A1A2 /* Debug */,
				3F6646312B7C99B300E5A1A2 /* Release */,
			);
			defaultConfigurationIsVisible = 0;
			defaultConfigurationName = Release;
		};
/* End XCConfigurationList section */
	};
	rootObject = 3F6646192B7C99B100E5A1A2 /* Project object */;
}
